
Microsoft Visual Studio Solution File, Format Version 12.00
# Visual Studio Version 16
VisualStudioVersion = 16.0.31205.134
MinimumVisualStudioVersion = 10.0.40219.1
Project("{FAE04EC0-301F-11D3-BF4B-00C04F79EFBC}") = "Electrical Bill Processer", "Electrical Bill Processer\Electrical Bill Processer.csproj", "{4CC01F39-F0AB-4B5C-A126-8748A3CB84FA}"
EndProject
Project("{FAE04EC0-301F-11D3-BF4B-00C04F79EFBC}") = "Electrical Bill ProcesserTests", "Electrical Bill ProcesserTests\Electrical Bill ProcesserTests.csproj", "{01175323-1228-462C-A39F-5D297DDFAB2C}"
EndProject
Global
	GlobalSection(SolutionConfigurationPlatforms) = preSolution
		Debug|Any CPU = Debug|Any CPU
		Release|Any CPU = Release|Any CPU
	EndGlobalSection
	GlobalSection(ProjectConfigurationPlatforms) = postSolution
		{4CC01F39-F0AB-4B5C-A126-8748A3CB84FA}.Debug|Any CPU.ActiveCfg = Debug|Any CPU
		{4CC01F39-F0AB-4B5C-A126-8748A3CB84FA}.Debug|Any CPU.Build.0 = Debug|Any CPU
		{4CC01F39-F0AB-4B5C-A126-8748A3CB84FA}.Release|Any CPU.ActiveCfg = Release|Any CPU
		{4CC01F39-F0AB-4B5C-A126-8748A3CB84FA}.Release|Any CPU.Build.0 = Release|Any CPU
		{01175323-1228-462C-A39F-5D297DDFAB2C}.Debug|Any CPU.ActiveCfg = Debug|Any CPU
		{01175323-1228-462C-A39F-5D297DDFAB2C}.Debug|Any CPU.Build.0 = Debug|Any CPU
		{01175323-1228-462C-A39F-5D297DDFAB2C}.Release|Any CPU.ActiveCfg = Release|Any CPU
		{01175323-1228-462C-A39F-5D297DDFAB2C}.Release|Any CPU.Build.0 = Release|Any CPU
	EndGlobalSection
	GlobalSection(SolutionProperties) = preSolution
		HideSolutionNode = FALSE
	EndGlobalSection
	GlobalSection(ExtensibilityGlobals) = postSolution
		SolutionGuid = {883D6A82-59C8-4319-87EA-DBB24933366E}
	EndGlobalSection
EndGlobal
